
Microsoft Visual Studio Solution File, Format Version 12.00
# Visual Studio 14
VisualStudioVersion = 14.0.24720.0
MinimumVisualStudioVersion = 10.0.40219.1
Project("{FAE04EC0-301F-11D3-BF4B-00C04F79EFBC}") = "DirSearcherClient", "DirSearcherClient.csproj", "{DFE7F2E3-C3D0-408E-95E5-BB570617DFCD}"
EndProject
Global
	GlobalSection(SolutionConfigurationPlatforms) = preSolution
		Debug|ARM = Debug|ARM
		Debug|x64 = Debug|x64
		Debug|x86 = Debug|x86
		Release|ARM = Release|ARM
		Release|x64 = Release|x64
		Release|x86 = Release|x86
	EndGlobalSection
	GlobalSection(ProjectConfigurationPlatforms) = postSolution
		{DFE7F2E3-C3D0-408E-95E5-BB570617DFCD}.Debug|ARM.ActiveCfg = Debug|ARM
		{DFE7F2E3-C3D0-408E-95E5-BB570617DFCD}.Debug|ARM.Build.0 = Debug|ARM
		{DFE7F2E3-C3D0-408E-95E5-BB570617DFCD}.Debug|ARM.Deploy.0 = Debug|ARM
		{DFE7F2E3-C3D0-408E-95E5-BB570617DFCD}.Debug|x64.ActiveCfg = Debug|x64
		{DFE7F2E3-C3D0-408E-95E5-BB570617DFCD}.Debug|x64.Build.0 = Debug|x64
		{DFE7F2E3-C3D0-408E-95E5-BB570617DFCD}.Debug|x64.Deploy.0 = Debug|x64
		{DFE7F2E3-C3D0-408E-95E5-BB570617DFCD}.Debug|x86.ActiveCfg = Debug|x86
		{DFE7F2E3-C3D0-408E-95E5-BB570617DFCD}.Debug|x86.Build.0 = Debug|x86
		{DFE7F2E3-C3D0-408E-95E5-BB570617DFCD}.Debug|x86.Deploy.0 = Debug|x86
		{DFE7F2E3-C3D0-408E-95E5-BB570617DFCD}.Release|ARM.ActiveCfg = Release|ARM
		{DFE7F2E3-C3D0-408E-95E5-BB570617DFCD}.Release|ARM.Build.0 = Release|ARM
		{DFE7F2E3-C3D0-408E-95E5-BB570617DFCD}.Release|ARM.Deploy.0 = Release|ARM
		{DFE7F2E3-C3D0-408E-95E5-BB570617DFCD}.Release|x64.ActiveCfg = Release|x64
		{DFE7F2E3-C3D0-408E-95E5-BB570617DFCD}.Release|x64.Build.0 = Release|x64
		{DFE7F2E3-C3D0-408E-95E5-BB570617DFCD}.Release|x64.Deploy.0 = Release|x64
		{DFE7F2E3-C3D0-408E-95E5-BB570617DFCD}.Release|x86.ActiveCfg = Release|x86
		{DFE7F2E3-C3D0-408E-95E5-BB570617DFCD}.Release|x86.Build.0 = Release|x86
		{DFE7F2E3-C3D0-408E-95E5-BB570617DFCD}.Release|x86.Deploy.0 = Release|x86
	EndGlobalSection
	GlobalSection(SolutionProperties) = preSolution
		HideSolutionNode = FALSE
	EndGlobalSection
EndGlobal
